
Microsoft Visual Studio Solution File, Format Version 12.00
# Visual Studio Version 17
VisualStudioVersion = 17.1.32421.90
MinimumVisualStudioVersion = 10.0.40219.1
Project("{FAE04EC0-301F-11D3-BF4B-00C04F79EFBC}") = "FARS_GetData", "FARS_GetData\FARS_GetData.csproj", "{DA494D77-9397-4BD2-B86E-0C63D16BCBFC}"
	ProjectSection(ProjectDependencies) = postProject
		{EBAFE0AC-E760-4FB9-984E-DA0251BCC34A} = {EBAFE0AC-E760-4FB9-984E-DA0251BCC34A}
	EndProjectSection
EndProject
Project("{FAE04EC0-301F-11D3-BF4B-00C04F79EFBC}") = "Entities", "Entities\Entities.csproj", "{EBAFE0AC-E760-4FB9-984E-DA0251BCC34A}"
EndProject
Global
	GlobalSection(SolutionConfigurationPlatforms) = preSolution
		Debug|Any CPU = Debug|Any CPU
		Release|Any CPU = Release|Any CPU
	EndGlobalSection
	GlobalSection(ProjectConfigurationPlatforms) = postSolution
		{DA494D77-9397-4BD2-B86E-0C63D16BCBFC}.Debug|Any CPU.ActiveCfg = Debug|Any CPU
		{DA494D77-9397-4BD2-B86E-0C63D16BCBFC}.Debug|Any CPU.Build.0 = Debug|Any CPU
		{DA494D77-9397-4BD2-B86E-0C63D16BCBFC}.Release|Any CPU.ActiveCfg = Release|Any CPU
		{DA494D77-9397-4BD2-B86E-0C63D16BCBFC}.Release|Any CPU.Build.0 = Release|Any CPU
		{EBAFE0AC-E760-4FB9-984E-DA0251BCC34A}.Debug|Any CPU.ActiveCfg = Debug|Any CPU
		{EBAFE0AC-E760-4FB9-984E-DA0251BCC34A}.Debug|Any CPU.Build.0 = Debug|Any CPU
		{EBAFE0AC-E760-4FB9-984E-DA0251BCC34A}.Release|Any CPU.ActiveCfg = Release|Any CPU
		{EBAFE0AC-E760-4FB9-984E-DA0251BCC34A}.Release|Any CPU.Build.0 = Release|Any CPU
	EndGlobalSection
	GlobalSection(SolutionProperties) = preSolution
		HideSolutionNode = FALSE
	EndGlobalSection
	GlobalSection(ExtensibilityGlobals) = postSolution
		SolutionGuid = {BB88D0B9-4A77-40C8-B597-740DD14053DC}
	EndGlobalSection
EndGlobal
